
Microsoft Visual Studio Solution File, Format Version 12.00
# Visual Studio 2013
VisualStudioVersion = 12.0.30501.0
MinimumVisualStudioVersion = 10.0.40219.1
Project("{2150E333-8FDC-42A3-9474-1A3956D46DE8}") = "saudfhub", "saudfhub", "{27956ADC-CAE2-4A2B-B4E2-69C56662396D}"
EndProject
Project("{D954291E-2A0B-460D-934E-DC6B0785DB48}") = "saudfhub.Shared", "saudfhub\saudfhub.Shared\saudfhub.Shared.shproj", "{B6DF90E4-B986-4595-8029-547E2048A69C}"
EndProject
Project("{FAE04EC0-301F-11D3-BF4B-00C04F79EFBC}") = "saudfhub.Windows", "saudfhub\saudfhub.Windows\saudfhub.Windows.csproj", "{1B718ACF-A5D4-438A-9805-EBA3694B3D5E}"
EndProject
Project("{FAE04EC0-301F-11D3-BF4B-00C04F79EFBC}") = "saudfhub.WindowsPhone", "saudfhub\saudfhub.WindowsPhone\saudfhub.WindowsPhone.csproj", "{3CE15EA5-5CC5-49CF-85A2-8DCA59A39E25}"
EndProject
Global
	GlobalSection(SharedMSBuildProjectFiles) = preSolution
		saudfhub\saudfhub.Shared\saudfhub.Shared.projitems*{3ce15ea5-5cc5-49cf-85a2-8dca59a39e25}*SharedItemsImports = 4
		saudfhub\saudfhub.Shared\saudfhub.Shared.projitems*{1b718acf-a5d4-438a-9805-eba3694b3d5e}*SharedItemsImports = 4
		saudfhub\saudfhub.Shared\saudfhub.Shared.projitems*{b6df90e4-b986-4595-8029-547e2048a69c}*SharedItemsImports = 13
	EndGlobalSection
	GlobalSection(SolutionConfigurationPlatforms) = preSolution
		Debug|Any CPU = Debug|Any CPU
		Debug|ARM = Debug|ARM
		Debug|x64 = Debug|x64
		Debug|x86 = Debug|x86
		Release|Any CPU = Release|Any CPU
		Release|ARM = Release|ARM
		Release|x64 = Release|x64
		Release|x86 = Release|x86
	EndGlobalSection
	GlobalSection(ProjectConfigurationPlatforms) = postSolution
		{1B718ACF-A5D4-438A-9805-EBA3694B3D5E}.Debug|Any CPU.ActiveCfg = Debug|Any CPU
		{1B718ACF-A5D4-438A-9805-EBA3694B3D5E}.Debug|Any CPU.Build.0 = Debug|Any CPU
		{1B718ACF-A5D4-438A-9805-EBA3694B3D5E}.Debug|Any CPU.Deploy.0 = Debug|Any CPU
		{1B718ACF-A5D4-438A-9805-EBA3694B3D5E}.Debug|ARM.ActiveCfg = Debug|ARM
		{1B718ACF-A5D4-438A-9805-EBA3694B3D5E}.Debug|ARM.Build.0 = Debug|ARM
		{1B718ACF-A5D4-438A-9805-EBA3694B3D5E}.Debug|ARM.Deploy.0 = Debug|ARM
		{1B718ACF-A5D4-438A-9805-EBA3694B3D5E}.Debug|x64.ActiveCfg = Debug|x64
		{1B718ACF-A5D4-438A-9805-EBA3694B3D5E}.Debug|x64.Build.0 = Debug|x64
		{1B718ACF-A5D4-438A-9805-EBA3694B3D5E}.Debug|x64.Deploy.0 = Debug|x64
		{1B718ACF-A5D4-438A-9805-EBA3694B3D5E}.Debug|x86.ActiveCfg = Debug|x86
		{1B718ACF-A5D4-438A-9805-EBA3694B3D5E}.Debug|x86.Build.0 = Debug|x86
		{1B718ACF-A5D4-438A-9805-EBA3694B3D5E}.Debug|x86.Deploy.0 = Debug|x86
		{1B718ACF-A5D4-438A-9805-EBA3694B3D5E}.Release|Any CPU.ActiveCfg = Release|Any CPU
		{1B718ACF-A5D4-438A-9805-EBA3694B3D5E}.Release|Any CPU.Build.0 = Release|Any CPU
		{1B718ACF-A5D4-438A-9805-EBA3694B3D5E}.Release|Any CPU.Deploy.0 = Release|Any CPU
		{1B718ACF-A5D4-438A-9805-EBA3694B3D5E}.Release|ARM.ActiveCfg = Release|ARM
		{1B718ACF-A5D4-438A-9805-EBA3694B3D5E}.Release|ARM.Build.0 = Release|ARM
		{1B718ACF-A5D4-438A-9805-EBA3694B3D5E}.Release|ARM.Deploy.0 = Release|ARM
		{1B718ACF-A5D4-438A-9805-EBA3694B3D5E}.Release|x64.ActiveCfg = Release|x64
		{1B718ACF-A5D4-438A-9805-EBA3694B3D5E}.Release|x64.Build.0 = Release|x64
		{1B718ACF-A5D4-438A-9805-EBA3694B3D5E}.Release|x64.Deploy.0 = Release|x64
		{1B718ACF-A5D4-438A-9805-EBA3694B3D5E}.Release|x86.ActiveCfg = Release|x86
		{1B718ACF-A5D4-438A-9805-EBA3694B3D5E}.Release|x86.Build.0 = Release|x86
		{1B718ACF-A5D4-438A-9805-EBA3694B3D5E}.Release|x86.Deploy.0 = Release|x86
		{3CE15EA5-5CC5-49CF-85A2-8DCA59A39E25}.Debug|Any CPU.ActiveCfg = Debug|Any CPU
		{3CE15EA5-5CC5-49CF-85A2-8DCA59A39E25}.Debug|Any CPU.Build.0 = Debug|Any CPU
		{3CE15EA5-5CC5-49CF-85A2-8DCA59A39E25}.Debug|Any CPU.Deploy.0 = Debug|Any CPU
		{3CE15EA5-5CC5-49CF-85A2-8DCA59A39E25}.Debug|ARM.ActiveCfg = Debug|ARM
		{3CE15EA5-5CC5-49CF-85A2-8DCA59A39E25}.Debug|ARM.Build.0 = Debug|ARM
		{3CE15EA5-5CC5-49CF-85A2-8DCA59A39E25}.Debug|ARM.Deploy.0 = Debug|ARM
		{3CE15EA5-5CC5-49CF-85A2-8DCA59A39E25}.Debug|x64.ActiveCfg = Debug|Any CPU
		{3CE15EA5-5CC5-49CF-85A2-8DCA59A39E25}.Debug|x86.ActiveCfg = Debug|x86
		{3CE15EA5-5CC5-49CF-85A2-8DCA59A39E25}.Debug|x86.Build.0 = Debug|x86
		{3CE15EA5-5CC5-49CF-85A2-8DCA59A39E25}.Debug|x86.Deploy.0 = Debug|x86
		{3CE15EA5-5CC5-49CF-85A2-8DCA59A39E25}.Release|Any CPU.ActiveCfg = Release|Any CPU
		{3CE15EA5-5CC5-49CF-85A2-8DCA59A39E25}.Release|Any CPU.Build.0 = Release|Any CPU
		{3CE15EA5-5CC5-49CF-85A2-8DCA59A39E25}.Release|Any CPU.Deploy.0 = Release|Any CPU
		{3CE15EA5-5CC5-49CF-85A2-8DCA59A39E25}.Release|ARM.ActiveCfg = Release|ARM
		{3CE15EA5-5CC5-49CF-85A2-8DCA59A39E25}.Release|ARM.Build.0 = Release|ARM
		{3CE15EA5-5CC5-49CF-85A2-8DCA59A39E25}.Release|ARM.Deploy.0 = Release|ARM
		{3CE15EA5-5CC5-49CF-85A2-8DCA59A39E25}.Release|x64.ActiveCfg = Release|Any CPU
		{3CE15EA5-5CC5-49CF-85A2-8DCA59A39E25}.Release|x86.ActiveCfg = Release|x86
		{3CE15EA5-5CC5-49CF-85A2-8DCA59A39E25}.Release|x86.Build.0 = Release|x86
		{3CE15EA5-5CC5-49CF-85A2-8DCA59A39E25}.Release|x86.Deploy.0 = Release|x86
	EndGlobalSection
	GlobalSection(SolutionProperties) = preSolution
		HideSolutionNode = FALSE
	EndGlobalSection
	GlobalSection(NestedProjects) = preSolution
		{B6DF90E4-B986-4595-8029-547E2048A69C} = {27956ADC-CAE2-4A2B-B4E2-69C56662396D}
		{1B718ACF-A5D4-438A-9805-EBA3694B3D5E} = {27956ADC-CAE2-4A2B-B4E2-69C56662396D}
		{3CE15EA5-5CC5-49CF-85A2-8DCA59A39E25} = {27956ADC-CAE2-4A2B-B4E2-69C56662396D}
	EndGlobalSection
EndGlobal
